[root]
name = "ed25519-dalek-rustgo"
version = "0.0.0"
dependencies = [
 "curve25519-dalek 0.9.2 (registry+https://github.com/rust-lang/crates.io-index)",
]

[[package]]
name = "arrayref"
version = "0.3.4"
source = "registry+https://github.com/rust-lang/crates.io-index"

[[package]]
name = "curve25519-dalek"
version = "0.9.2"
source = "registry+https://github.com/rust-lang/crates.io-index"
dependencies = [
 "arrayref 0.3.4 (registry+https://github.com/rust-lang/crates.io-index)",
 "digest 0.6.1 (registry+https://github.com/rust-lang/crates.io-index)",
 "generic-array 0.8.2 (registry+https://github.com/rust-lang/crates.io-index)",
 "subtle 0.1.0 (registry+https://github.com/rust-lang/crates.io-index)",
]

[[package]]
name = "digest"
version = "0.6.1"
source = "registry+https://github.com/rust-lang/crates.io-index"
dependencies = [
 "generic-array 0.8.2 (registry+https://github.com/rust-lang/crates.io-index)",
]

[[package]]
name = "generic-array"
version = "0.8.2"
source = "registry+https://github.com/rust-lang/crates.io-index"
dependencies = [
 "nodrop 0.1.9 (registry+https://github.com/rust-lang/crates.io-index)",
 "typenum 1.9.0 (registry+https://github.com/rust-lang/crates.io-index)",
]

[[package]]
name = "nodrop"
version = "0.1.9"
source = "registry+https://github.com/rust-lang/crates.io-index"
dependencies = [
 "odds 0.2.25 (registry+https://github.com/rust-lang/crates.io-index)",
]

[[package]]
name = "odds"
version = "0.2.25"
source = "registry+https://github.com/rust-lang/crates.io-index"

[[package]]
name = "subtle"
version = "0.1.0"
source = "registry+https://github.com/rust-lang/crates.io-index"

[[package]]
name = "typenum"
version = "1.9.0"
source = "registry+https://github.com/rust-lang/crates.io-index"

[metadata]
"checksum arrayref 0.3.4 (registry+https://github.com/rust-lang/crates.io-index)" = "0fd1479b7c29641adbd35ff3b5c293922d696a92f25c8c975da3e0acbc87258f"
"checksum curve25519-dalek 0.9.2 (registry+https://github.com/rust-lang/crates.io-index)" = "8b9421cab3f2ddb46d1c8d1a38daa42812fb341f3f94e673e6b3e9be7ee33ea2"
"checksum digest 0.6.1 (registry+https://github.com/rust-lang/crates.io-index)" = "ecae1c064e29fcabb6c2e9939e53dc7da72ed90234ae36ebfe03a478742efbd1"
"checksum generic-array 0.8.2 (registry+https://github.com/rust-lang/crates.io-index)" = "6181b378c58e5aacf4d3e17836737465cb2857750b53f6b46672a3509f2a8d9d"
"checksum nodrop 0.1.9 (registry+https://github.com/rust-lang/crates.io-index)" = "52cd74cd09beba596430cc6e3091b74007169a56246e1262f0ba451ea95117b2"
"checksum odds 0.2.25 (registry+https://github.com/rust-lang/crates.io-index)" = "c3df9b730298cea3a1c3faa90b7e2f9df3a9c400d0936d6015e6165734eefcba"
"checksum subtle 0.1.0 (registry+https://github.com/rust-lang/crates.io-index)" = "7b811576c12506ff3f6da145585dc833edc32ee34c9fc021127d90e8134cc05c"
"checksum typenum 1.9.0 (registry+https://github.com/rust-lang/crates.io-index)" = "13a99dc6780ef33c78780b826cf9d2a78840b72cae9474de4bcaf9051e60ebbd"
